
Microsoft Visual Studio Solution File, Format Version 12.00
# Visual Studio 15
VisualStudioVersion = 15.0.28010.0
MinimumVisualStudioVersion = 10.0.40219.1
Project("{FAE04EC0-301F-11D3-BF4B-00C04F79EFBC}") = "VisYear", "VisYear\VisYear.csproj", "{A93808F4-940C-4EE1-94C9-575AE823B589}"
EndProject
Global
	GlobalSection(SolutionConfigurationPlatforms) = preSolution
		Debug|Any CPU = Debug|Any CPU
		Release|Any CPU = Release|Any CPU
	EndGlobalSection
	GlobalSection(ProjectConfigurationPlatforms) = postSolution
		{A93808F4-940C-4EE1-94C9-575AE823B589}.Debug|Any CPU.ActiveCfg = Debug|Any CPU
		{A93808F4-940C-4EE1-94C9-575AE823B589}.Debug|Any CPU.Build.0 = Debug|Any CPU
		{A93808F4-940C-4EE1-94C9-575AE823B589}.Release|Any CPU.ActiveCfg = Release|Any CPU
		{A93808F4-940C-4EE1-94C9-575AE823B589}.Release|Any CPU.Build.0 = Release|Any CPU
	EndGlobalSection
	GlobalSection(SolutionProperties) = preSolution
		HideSolutionNode = FALSE
	EndGlobalSection
	GlobalSection(ExtensibilityGlobals) = postSolution
		SolutionGuid = {6456DF5F-57AE-457B-AD42-167282752D88}
	EndGlobalSection
EndGlobal
