
Microsoft Visual Studio Solution File, Format Version 12.00
# Visual Studio 15
VisualStudioVersion = 15.0.28010.0
MinimumVisualStudioVersion = 10.0.40219.1
Project("{FAE04EC0-301F-11D3-BF4B-00C04F79EFBC}") = "Calc_switch", "Calc_switch\Calc_switch.csproj", "{F21AC74B-92FB-4356-832E-0C96C6E7305E}"
EndProject
Global
	GlobalSection(SolutionConfigurationPlatforms) = preSolution
		Debug|Any CPU = Debug|Any CPU
		Release|Any CPU = Release|Any CPU
	EndGlobalSection
	GlobalSection(ProjectConfigurationPlatforms) = postSolution
		{F21AC74B-92FB-4356-832E-0C96C6E7305E}.Debug|Any CPU.ActiveCfg = Debug|Any CPU
		{F21AC74B-92FB-4356-832E-0C96C6E7305E}.Debug|Any CPU.Build.0 = Debug|Any CPU
		{F21AC74B-92FB-4356-832E-0C96C6E7305E}.Release|Any CPU.ActiveCfg = Release|Any CPU
		{F21AC74B-92FB-4356-832E-0C96C6E7305E}.Release|Any CPU.Build.0 = Release|Any CPU
	EndGlobalSection
	GlobalSection(SolutionProperties) = preSolution
		HideSolutionNode = FALSE
	EndGlobalSection
	GlobalSection(ExtensibilityGlobals) = postSolution
		SolutionGuid = {940DCB05-64EB-48E6-BDC9-C51591BF04E4}
	EndGlobalSection
EndGlobal
