
Microsoft Visual Studio Solution File, Format Version 12.00
# Visual Studio 15
VisualStudioVersion = 15.0.28010.0
MinimumVisualStudioVersion = 10.0.40219.1
Project("{FAE04EC0-301F-11D3-BF4B-00C04F79EFBC}") = "Loop", "Loop\Loop.csproj", "{96E6E68C-4CF4-4F29-B578-DF08CE6ADD2E}"
EndProject
Project("{FAE04EC0-301F-11D3-BF4B-00C04F79EFBC}") = "SinDoWhile", "SinDoWhile\SinDoWhile.csproj", "{8106DBEA-933E-4B80-A82F-7B3F81A8FFCD}"
EndProject
Project("{FAE04EC0-301F-11D3-BF4B-00C04F79EFBC}") = "EvklidNod", "EvklidNod\EvklidNod.csproj", "{902A6DB8-439F-4A5B-A3F4-279C0593D612}"
EndProject
Project("{FAE04EC0-301F-11D3-BF4B-00C04F79EFBC}") = "SumKM", "SumKM\SumKM.csproj", "{53C14DF6-86BC-4447-9CF5-CA486BD02860}"
EndProject
Project("{FAE04EC0-301F-11D3-BF4B-00C04F79EFBC}") = "Shooting", "Shooting\Shooting.csproj", "{6F8B6257-8BE4-490E-A074-BBE35C13CC74}"
EndProject
Global
	GlobalSection(SolutionConfigurationPlatforms) = preSolution
		Debug|Any CPU = Debug|Any CPU
		Release|Any CPU = Release|Any CPU
	EndGlobalSection
	GlobalSection(ProjectConfigurationPlatforms) = postSolution
		{96E6E68C-4CF4-4F29-B578-DF08CE6ADD2E}.Debug|Any CPU.ActiveCfg = Debug|Any CPU
		{96E6E68C-4CF4-4F29-B578-DF08CE6ADD2E}.Debug|Any CPU.Build.0 = Debug|Any CPU
		{96E6E68C-4CF4-4F29-B578-DF08CE6ADD2E}.Release|Any CPU.ActiveCfg = Release|Any CPU
		{96E6E68C-4CF4-4F29-B578-DF08CE6ADD2E}.Release|Any CPU.Build.0 = Release|Any CPU
		{8106DBEA-933E-4B80-A82F-7B3F81A8FFCD}.Debug|Any CPU.ActiveCfg = Debug|Any CPU
		{8106DBEA-933E-4B80-A82F-7B3F81A8FFCD}.Debug|Any CPU.Build.0 = Debug|Any CPU
		{8106DBEA-933E-4B80-A82F-7B3F81A8FFCD}.Release|Any CPU.ActiveCfg = Release|Any CPU
		{8106DBEA-933E-4B80-A82F-7B3F81A8FFCD}.Release|Any CPU.Build.0 = Release|Any CPU
		{902A6DB8-439F-4A5B-A3F4-279C0593D612}.Debug|Any CPU.ActiveCfg = Debug|Any CPU
		{902A6DB8-439F-4A5B-A3F4-279C0593D612}.Debug|Any CPU.Build.0 = Debug|Any CPU
		{902A6DB8-439F-4A5B-A3F4-279C0593D612}.Release|Any CPU.ActiveCfg = Release|Any CPU
		{902A6DB8-439F-4A5B-A3F4-279C0593D612}.Release|Any CPU.Build.0 = Release|Any CPU
		{53C14DF6-86BC-4447-9CF5-CA486BD02860}.Debug|Any CPU.ActiveCfg = Debug|Any CPU
		{53C14DF6-86BC-4447-9CF5-CA486BD02860}.Debug|Any CPU.Build.0 = Debug|Any CPU
		{53C14DF6-86BC-4447-9CF5-CA486BD02860}.Release|Any CPU.ActiveCfg = Release|Any CPU
		{53C14DF6-86BC-4447-9CF5-CA486BD02860}.Release|Any CPU.Build.0 = Release|Any CPU
		{6F8B6257-8BE4-490E-A074-BBE35C13CC74}.Debug|Any CPU.ActiveCfg = Debug|Any CPU
		{6F8B6257-8BE4-490E-A074-BBE35C13CC74}.Debug|Any CPU.Build.0 = Debug|Any CPU
		{6F8B6257-8BE4-490E-A074-BBE35C13CC74}.Release|Any CPU.ActiveCfg = Release|Any CPU
		{6F8B6257-8BE4-490E-A074-BBE35C13CC74}.Release|Any CPU.Build.0 = Release|Any CPU
	EndGlobalSection
	GlobalSection(SolutionProperties) = preSolution
		HideSolutionNode = FALSE
	EndGlobalSection
	GlobalSection(ExtensibilityGlobals) = postSolution
		SolutionGuid = {1BCB0857-1508-43E7-A959-345692149F29}
	EndGlobalSection
EndGlobal
