
Microsoft Visual Studio Solution File, Format Version 12.00
# Visual Studio 15
VisualStudioVersion = 15.0.28010.0
MinimumVisualStudioVersion = 10.0.40219.1
Project("{FAE04EC0-301F-11D3-BF4B-00C04F79EFBC}") = "MyClass", "MyClass\MyClass.csproj", "{2533D54D-E36A-46A6-9161-7CF7DF6D6B1F}"
EndProject
Project("{FAE04EC0-301F-11D3-BF4B-00C04F79EFBC}") = "Progression", "Progression\Progression.csproj", "{63498359-D0EE-485C-BF35-675F11F60444}"
EndProject
Global
	GlobalSection(SolutionConfigurationPlatforms) = preSolution
		Debug|Any CPU = Debug|Any CPU
		Release|Any CPU = Release|Any CPU
	EndGlobalSection
	GlobalSection(ProjectConfigurationPlatforms) = postSolution
		{2533D54D-E36A-46A6-9161-7CF7DF6D6B1F}.Debug|Any CPU.ActiveCfg = Debug|Any CPU
		{2533D54D-E36A-46A6-9161-7CF7DF6D6B1F}.Debug|Any CPU.Build.0 = Debug|Any CPU
		{2533D54D-E36A-46A6-9161-7CF7DF6D6B1F}.Release|Any CPU.ActiveCfg = Release|Any CPU
		{2533D54D-E36A-46A6-9161-7CF7DF6D6B1F}.Release|Any CPU.Build.0 = Release|Any CPU
		{63498359-D0EE-485C-BF35-675F11F60444}.Debug|Any CPU.ActiveCfg = Debug|Any CPU
		{63498359-D0EE-485C-BF35-675F11F60444}.Debug|Any CPU.Build.0 = Debug|Any CPU
		{63498359-D0EE-485C-BF35-675F11F60444}.Release|Any CPU.ActiveCfg = Release|Any CPU
		{63498359-D0EE-485C-BF35-675F11F60444}.Release|Any CPU.Build.0 = Release|Any CPU
	EndGlobalSection
	GlobalSection(SolutionProperties) = preSolution
		HideSolutionNode = FALSE
	EndGlobalSection
	GlobalSection(ExtensibilityGlobals) = postSolution
		SolutionGuid = {D050FF28-6815-4D05-A168-82A50B7472E8}
	EndGlobalSection
EndGlobal
